
Microsoft Visual Studio Solution File, Format Version 11.00
# Visual Studio 2010
Project("{FAE04EC0-301F-11D3-BF4B-00C04F79EFBC}") = "BlackFireFramework.Unity", "Assembly-CSharp.csproj", "{EC7BB73A-B248-D095-F483-4E8E35CEC212}"
EndProject
Project("{FAE04EC0-301F-11D3-BF4B-00C04F79EFBC}") = "BlackFireFramework.Unity", "Assembly-CSharp-Editor.csproj", "{F7BC7CA4-5809-FFDA-23BB-0B33246F296F}"
EndProject
Global
	GlobalSection(SolutionConfigurationPlatforms) = preSolution
		Debug|Any CPU = Debug|Any CPU
		Release|Any CPU = Release|Any CPU
	EndGlobalSection
	GlobalSection(ProjectConfigurationPlatforms) = postSolution
		{EC7BB73A-B248-D095-F483-4E8E35CEC212}.Debug|Any CPU.ActiveCfg = Debug|Any CPU
		{EC7BB73A-B248-D095-F483-4E8E35CEC212}.Debug|Any CPU.Build.0 = Debug|Any CPU
		{EC7BB73A-B248-D095-F483-4E8E35CEC212}.Release|Any CPU.ActiveCfg = Release|Any CPU
		{EC7BB73A-B248-D095-F483-4E8E35CEC212}.Release|Any CPU.Build.0 = Release|Any CPU
		{F7BC7CA4-5809-FFDA-23BB-0B33246F296F}.Debug|Any CPU.ActiveCfg = Debug|Any CPU
		{F7BC7CA4-5809-FFDA-23BB-0B33246F296F}.Debug|Any CPU.Build.0 = Debug|Any CPU
		{F7BC7CA4-5809-FFDA-23BB-0B33246F296F}.Release|Any CPU.ActiveCfg = Release|Any CPU
		{F7BC7CA4-5809-FFDA-23BB-0B33246F296F}.Release|Any CPU.Build.0 = Release|Any CPU
	EndGlobalSection
	GlobalSection(SolutionProperties) = preSolution
		HideSolutionNode = FALSE
	EndGlobalSection
	GlobalSection(MonoDevelopProperties) = preSolution
		StartupItem = Assembly-CSharp.csproj
	EndGlobalSection
EndGlobal
