
Microsoft Visual Studio Solution File, Format Version 12.00
# Visual Studio 15
Project("{FAE04EC0-301F-11D3-BF4B-00C04F79EFBC}") = "BlackFireFramework.Unity", "BlackFireFramework.Unity.csproj", "{BFAC6901-2D55-9A57-DE91-538D3F3BAA11}"
EndProject
Project("{FAE04EC0-301F-11D3-BF4B-00C04F79EFBC}") = "BlackFireFramework.Unity.Editor", "BlackFireFramework.Unity.Editor.csproj", "{AE6A4A7F-B1D3-2FA9-EA58-50C09FDE22B9}"
EndProject
Global
	GlobalSection(SolutionConfigurationPlatforms) = preSolution
		Debug|Any CPU = Debug|Any CPU
		Release|Any CPU = Release|Any CPU
	EndGlobalSection
	GlobalSection(ProjectConfigurationPlatforms) = postSolution
		{BFAC6901-2D55-9A57-DE91-538D3F3BAA11}.Debug|Any CPU.ActiveCfg = Debug|Any CPU
		{BFAC6901-2D55-9A57-DE91-538D3F3BAA11}.Debug|Any CPU.Build.0 = Debug|Any CPU
		{BFAC6901-2D55-9A57-DE91-538D3F3BAA11}.Release|Any CPU.ActiveCfg = Release|Any CPU
		{BFAC6901-2D55-9A57-DE91-538D3F3BAA11}.Release|Any CPU.Build.0 = Release|Any CPU
		{AE6A4A7F-B1D3-2FA9-EA58-50C09FDE22B9}.Debug|Any CPU.ActiveCfg = Debug|Any CPU
		{AE6A4A7F-B1D3-2FA9-EA58-50C09FDE22B9}.Debug|Any CPU.Build.0 = Debug|Any CPU
		{AE6A4A7F-B1D3-2FA9-EA58-50C09FDE22B9}.Release|Any CPU.ActiveCfg = Release|Any CPU
		{AE6A4A7F-B1D3-2FA9-EA58-50C09FDE22B9}.Release|Any CPU.Build.0 = Release|Any CPU
	EndGlobalSection
	GlobalSection(SolutionProperties) = preSolution
		HideSolutionNode = FALSE
	EndGlobalSection
EndGlobal
