
Microsoft Visual Studio Solution File, Format Version 12.00
# Visual Studio 15
VisualStudioVersion = 15.0.27004.2008
MinimumVisualStudioVersion = 10.0.40219.1
Project("{FAE04EC0-301F-11D3-BF4B-00C04F79EFBC}") = "BlackFireFramework", "BlackFireFramework\BlackFireFramework.csproj", "{B0720C61-5E4B-4C27-A270-4C516810120C}"
EndProject
Project("{FAE04EC0-301F-11D3-BF4B-00C04F79EFBC}") = "BlackFireFramework.Test", "BlackFireFramework.Test\BlackFireFramework.Test.csproj", "{EDDE0F0E-3737-4FE9-B277-2582E4536410}"
EndProject
Project("{FAE04EC0-301F-11D3-BF4B-00C04F79EFBC}") = "BlackFireFramework.Server.Package", "BlackFireFramework.Server.Package\BlackFireFramework.Server.Package.csproj", "{9C9B1A98-68D9-4E40-81F5-16AC3C235D91}"
EndProject
Project("{FAE04EC0-301F-11D3-BF4B-00C04F79EFBC}") = "BlackFireFramework.TestAssembly", "BlackFireFramework.TestAssembly\BlackFireFramework.TestAssembly.csproj", "{089913AC-E680-492E-91FC-1787B09ECEA9}"
EndProject
Project("{FAE04EC0-301F-11D3-BF4B-00C04F79EFBC}") = "BlackFireFramework.Unity", "BlackFireFramework.Unity\BlackFireFramework.Unity.csproj", "{5B0E0660-1004-4E0A-8F52-BD53D8920737}"
EndProject
Global
	GlobalSection(SolutionConfigurationPlatforms) = preSolution
		Debug|Any CPU = Debug|Any CPU
		Release|Any CPU = Release|Any CPU
	EndGlobalSection
	GlobalSection(ProjectConfigurationPlatforms) = postSolution
		{B0720C61-5E4B-4C27-A270-4C516810120C}.Debug|Any CPU.ActiveCfg = Debug|Any CPU
		{B0720C61-5E4B-4C27-A270-4C516810120C}.Debug|Any CPU.Build.0 = Debug|Any CPU
		{B0720C61-5E4B-4C27-A270-4C516810120C}.Release|Any CPU.ActiveCfg = Release|Any CPU
		{B0720C61-5E4B-4C27-A270-4C516810120C}.Release|Any CPU.Build.0 = Release|Any CPU
		{EDDE0F0E-3737-4FE9-B277-2582E4536410}.Debug|Any CPU.ActiveCfg = Debug|Any CPU
		{EDDE0F0E-3737-4FE9-B277-2582E4536410}.Debug|Any CPU.Build.0 = Debug|Any CPU
		{EDDE0F0E-3737-4FE9-B277-2582E4536410}.Release|Any CPU.ActiveCfg = Release|Any CPU
		{EDDE0F0E-3737-4FE9-B277-2582E4536410}.Release|Any CPU.Build.0 = Release|Any CPU
		{9C9B1A98-68D9-4E40-81F5-16AC3C235D91}.Debug|Any CPU.ActiveCfg = Debug|Any CPU
		{9C9B1A98-68D9-4E40-81F5-16AC3C235D91}.Debug|Any CPU.Build.0 = Debug|Any CPU
		{9C9B1A98-68D9-4E40-81F5-16AC3C235D91}.Release|Any CPU.ActiveCfg = Release|Any CPU
		{9C9B1A98-68D9-4E40-81F5-16AC3C235D91}.Release|Any CPU.Build.0 = Release|Any CPU
		{089913AC-E680-492E-91FC-1787B09ECEA9}.Debug|Any CPU.ActiveCfg = Debug|Any CPU
		{089913AC-E680-492E-91FC-1787B09ECEA9}.Debug|Any CPU.Build.0 = Debug|Any CPU
		{089913AC-E680-492E-91FC-1787B09ECEA9}.Release|Any CPU.ActiveCfg = Release|Any CPU
		{089913AC-E680-492E-91FC-1787B09ECEA9}.Release|Any CPU.Build.0 = Release|Any CPU
		{5B0E0660-1004-4E0A-8F52-BD53D8920737}.Debug|Any CPU.ActiveCfg = Debug|Any CPU
		{5B0E0660-1004-4E0A-8F52-BD53D8920737}.Debug|Any CPU.Build.0 = Debug|Any CPU
		{5B0E0660-1004-4E0A-8F52-BD53D8920737}.Release|Any CPU.ActiveCfg = Release|Any CPU
		{5B0E0660-1004-4E0A-8F52-BD53D8920737}.Release|Any CPU.Build.0 = Release|Any CPU
	EndGlobalSection
	GlobalSection(SolutionProperties) = preSolution
		HideSolutionNode = FALSE
	EndGlobalSection
	GlobalSection(ExtensibilityGlobals) = postSolution
		SolutionGuid = {6115ADE4-9ACC-4167-9409-8B9FC808869A}
	EndGlobalSection
EndGlobal
