
Microsoft Visual Studio Solution File, Format Version 12.00
# Visual Studio 15
VisualStudioVersion = 15.0.27004.2008
MinimumVisualStudioVersion = 10.0.40219.1
Project("{FAE04EC0-301F-11D3-BF4B-00C04F79EFBC}") = "BlackFireFramework", "BlackFireFramework\BlackFireFramework.csproj", "{B0720C61-5E4B-4C27-A270-4C516810120C}"
EndProject
Project("{FAE04EC0-301F-11D3-BF4B-00C04F79EFBC}") = "BlackFireFramework.Game", "BlackFireFramework.Game\BlackFireFramework.Game.csproj", "{5B0E0660-1004-4E0A-8F52-BD53D8920737}"
EndProject
Project("{FAE04EC0-301F-11D3-BF4B-00C04F79EFBC}") = "BlackFireFramework.Network", "BlackFireFramework.Network\BlackFireFramework.Network.csproj", "{7DFF7D4B-A387-4ACE-BAD4-3E64A9BADCFA}"
EndProject
Project("{FAE04EC0-301F-11D3-BF4B-00C04F79EFBC}") = "BlackFireFramework.DB", "BlackFireFramework.DB\BlackFireFramework.DB.csproj", "{4870D38E-3762-45C2-8735-1B4723B8C013}"
EndProject
Global
	GlobalSection(SolutionConfigurationPlatforms) = preSolution
		Debug|Any CPU = Debug|Any CPU
		Release|Any CPU = Release|Any CPU
	EndGlobalSection
	GlobalSection(ProjectConfigurationPlatforms) = postSolution
		{B0720C61-5E4B-4C27-A270-4C516810120C}.Debug|Any CPU.ActiveCfg = Debug|Any CPU
		{B0720C61-5E4B-4C27-A270-4C516810120C}.Debug|Any CPU.Build.0 = Debug|Any CPU
		{B0720C61-5E4B-4C27-A270-4C516810120C}.Release|Any CPU.ActiveCfg = Release|Any CPU
		{B0720C61-5E4B-4C27-A270-4C516810120C}.Release|Any CPU.Build.0 = Release|Any CPU
		{5B0E0660-1004-4E0A-8F52-BD53D8920737}.Debug|Any CPU.ActiveCfg = Debug|Any CPU
		{5B0E0660-1004-4E0A-8F52-BD53D8920737}.Debug|Any CPU.Build.0 = Debug|Any CPU
		{5B0E0660-1004-4E0A-8F52-BD53D8920737}.Release|Any CPU.ActiveCfg = Release|Any CPU
		{5B0E0660-1004-4E0A-8F52-BD53D8920737}.Release|Any CPU.Build.0 = Release|Any CPU
		{7DFF7D4B-A387-4ACE-BAD4-3E64A9BADCFA}.Debug|Any CPU.ActiveCfg = Debug|Any CPU
		{7DFF7D4B-A387-4ACE-BAD4-3E64A9BADCFA}.Debug|Any CPU.Build.0 = Debug|Any CPU
		{7DFF7D4B-A387-4ACE-BAD4-3E64A9BADCFA}.Release|Any CPU.ActiveCfg = Release|Any CPU
		{7DFF7D4B-A387-4ACE-BAD4-3E64A9BADCFA}.Release|Any CPU.Build.0 = Release|Any CPU
		{4870D38E-3762-45C2-8735-1B4723B8C013}.Debug|Any CPU.ActiveCfg = Debug|Any CPU
		{4870D38E-3762-45C2-8735-1B4723B8C013}.Debug|Any CPU.Build.0 = Debug|Any CPU
		{4870D38E-3762-45C2-8735-1B4723B8C013}.Release|Any CPU.ActiveCfg = Release|Any CPU
		{4870D38E-3762-45C2-8735-1B4723B8C013}.Release|Any CPU.Build.0 = Release|Any CPU
	EndGlobalSection
	GlobalSection(SolutionProperties) = preSolution
		HideSolutionNode = FALSE
	EndGlobalSection
	GlobalSection(ExtensibilityGlobals) = postSolution
		SolutionGuid = {6115ADE4-9ACC-4167-9409-8B9FC808869A}
	EndGlobalSection
EndGlobal
